schema: '2.0'
stages:
  train_file_new:
    cmd: python train_file_new.py --img 640 --batch 16 --epochs 10 --data coco128.yaml
      --weights yolov5n.pt
    outs:
    - path: new_timing_info.json
      md5: fc6a30e16e40990418e56cfc24efa8a6
      size: 201
  detect:
    cmd: python detect_new.py --weights  best.pt --source /content/drive/MyDrive/DPI/images
    outs:
    - path: detect_info.json
      md5: 7e835a5dc06827197e1afee6da33c43c
      size: 112
